
Microsoft Visual Studio Solution File, Format Version 12.00
# Visual Studio Version 17
VisualStudioVersion = 17.4.33403.182
MinimumVisualStudioVersion = 10.0.40219.1
Project("{FAE04EC0-301F-11D3-BF4B-00C04F79EFBC}") = "_libreria_RLG", "_libreria_RLG.csproj", "{44A52938-98E5-42E9-B111-19AEC0EB8841}"
EndProject
Global
	GlobalSection(SolutionConfigurationPlatforms) = preSolution
		Debug|Any CPU = Debug|Any CPU
		Release|Any CPU = Release|Any CPU
	EndGlobalSection
	GlobalSection(ProjectConfigurationPlatforms) = postSolution
		{44A52938-98E5-42E9-B111-19AEC0EB8841}.Debug|Any CPU.ActiveCfg = Debug|Any CPU
		{44A52938-98E5-42E9-B111-19AEC0EB8841}.Debug|Any CPU.Build.0 = Debug|Any CPU
		{44A52938-98E5-42E9-B111-19AEC0EB8841}.Release|Any CPU.ActiveCfg = Release|Any CPU
		{44A52938-98E5-42E9-B111-19AEC0EB8841}.Release|Any CPU.Build.0 = Release|Any CPU
	EndGlobalSection
	GlobalSection(SolutionProperties) = preSolution
		HideSolutionNode = FALSE
	EndGlobalSection
	GlobalSection(ExtensibilityGlobals) = postSolution
		SolutionGuid = {352F1E77-4C97-45A0-B21C-E93B7DF7614F}
	EndGlobalSection
EndGlobal
